
Microsoft Visual Studio Solution File, Format Version 12.00
# Visual Studio Version 16
VisualStudioVersion = 16.0.29806.167
MinimumVisualStudioVersion = 10.0.40219.1
Project("{9A19103F-16F7-4668-BE54-9A1E7A4F7556}") = "PiTop.MakerArchitecture.Expansion.Rover", "PiTop.MakerArchitecture.Expansion.Rover\PiTop.MakerArchitecture.Expansion.Rover.csproj", "{19E845B1-7761-4137-8196-C1E9E1C227F2}"
EndProject
Project("{9A19103F-16F7-4668-BE54-9A1E7A4F7556}") = "PiTop.MakerArchitecture.Expansion.Rover.App", "PiTop.MakerArchitecture.Expansion.Rover.App\PiTop.MakerArchitecture.Expansion.Rover.App.csproj", "{A6B24074-022E-46F3-8147-BA29E31DE3C8}"
EndProject
Project("{9A19103F-16F7-4668-BE54-9A1E7A4F7556}") = "Prototype.App", "Prototype.App\Prototype.App.csproj", "{D05BDFF6-AE6F-4F9F-B3E5-56E3DBDEEB65}"
EndProject
Project("{9A19103F-16F7-4668-BE54-9A1E7A4F7556}") = "PiTop.Camera.App", "PiTop.Camera.App\PiTop.Camera.App.csproj", "{1CB6C3A0-2D93-4137-9966-1B091BD81C3B}"
EndProject
Project("{9A19103F-16F7-4668-BE54-9A1E7A4F7556}") = "PiTop.Display.App", "PiTop.Display.App\PiTop.Display.App.csproj", "{663A5070-F69D-4760-B50C-A1D0BE97E81B}"
EndProject
Project("{9A19103F-16F7-4668-BE54-9A1E7A4F7556}") = "PiTop.PsiApp", "PiTop.PsiApp\PiTop.PsiApp.csproj", "{927177C4-7F3F-494F-92C6-1A22074B8399}"
EndProject
Project("{9A19103F-16F7-4668-BE54-9A1E7A4F7556}") = "SampleApp", "SampleApp\SampleApp.csproj", "{82569A38-5C5F-42FF-B9BB-20415B337B92}"
EndProject
Project("{9A19103F-16F7-4668-BE54-9A1E7A4F7556}") = "PiTop.Interactive.Rover", "PiTop.Interactive.Rover\PiTop.Interactive.Rover.csproj", "{04F227CD-A8E8-42EA-96D9-17B6388C3358}"
EndProject
Project("{9A19103F-16F7-4668-BE54-9A1E7A4F7556}") = "StreamCapture", "StreamCapture\StreamCapture.csproj", "{03B4D519-D838-4010-BCD9-BB292448E114}"
EndProject
Project("{9A19103F-16F7-4668-BE54-9A1E7A4F7556}") = "PiTop.Interactive.Rover.Tests", "PiTop.Interactive.Rover.Tests\PiTop.Interactive.Rover.Tests.csproj", "{23C32C91-3311-4E5B-AAB2-57E02A35353D}"
EndProject
Global
	GlobalSection(SolutionConfigurationPlatforms) = preSolution
		Debug|Any CPU = Debug|Any CPU
		Release|Any CPU = Release|Any CPU
	EndGlobalSection
	GlobalSection(ProjectConfigurationPlatforms) = postSolution
		{19E845B1-7761-4137-8196-C1E9E1C227F2}.Debug|Any CPU.ActiveCfg = Debug|Any CPU
		{19E845B1-7761-4137-8196-C1E9E1C227F2}.Debug|Any CPU.Build.0 = Debug|Any CPU
		{19E845B1-7761-4137-8196-C1E9E1C227F2}.Release|Any CPU.ActiveCfg = Release|Any CPU
		{19E845B1-7761-4137-8196-C1E9E1C227F2}.Release|Any CPU.Build.0 = Release|Any CPU
		{A6B24074-022E-46F3-8147-BA29E31DE3C8}.Debug|Any CPU.ActiveCfg = Debug|Any CPU
		{A6B24074-022E-46F3-8147-BA29E31DE3C8}.Debug|Any CPU.Build.0 = Debug|Any CPU
		{A6B24074-022E-46F3-8147-BA29E31DE3C8}.Release|Any CPU.ActiveCfg = Release|Any CPU
		{A6B24074-022E-46F3-8147-BA29E31DE3C8}.Release|Any CPU.Build.0 = Release|Any CPU
		{D05BDFF6-AE6F-4F9F-B3E5-56E3DBDEEB65}.Debug|Any CPU.ActiveCfg = Debug|Any CPU
		{D05BDFF6-AE6F-4F9F-B3E5-56E3DBDEEB65}.Debug|Any CPU.Build.0 = Debug|Any CPU
		{D05BDFF6-AE6F-4F9F-B3E5-56E3DBDEEB65}.Release|Any CPU.ActiveCfg = Release|Any CPU
		{D05BDFF6-AE6F-4F9F-B3E5-56E3DBDEEB65}.Release|Any CPU.Build.0 = Release|Any CPU
		{1CB6C3A0-2D93-4137-9966-1B091BD81C3B}.Debug|Any CPU.ActiveCfg = Debug|Any CPU
		{1CB6C3A0-2D93-4137-9966-1B091BD81C3B}.Debug|Any CPU.Build.0 = Debug|Any CPU
		{1CB6C3A0-2D93-4137-9966-1B091BD81C3B}.Release|Any CPU.ActiveCfg = Release|Any CPU
		{1CB6C3A0-2D93-4137-9966-1B091BD81C3B}.Release|Any CPU.Build.0 = Release|Any CPU
		{663A5070-F69D-4760-B50C-A1D0BE97E81B}.Debug|Any CPU.ActiveCfg = Debug|Any CPU
		{663A5070-F69D-4760-B50C-A1D0BE97E81B}.Debug|Any CPU.Build.0 = Debug|Any CPU
		{663A5070-F69D-4760-B50C-A1D0BE97E81B}.Release|Any CPU.ActiveCfg = Release|Any CPU
		{663A5070-F69D-4760-B50C-A1D0BE97E81B}.Release|Any CPU.Build.0 = Release|Any CPU
		{927177C4-7F3F-494F-92C6-1A22074B8399}.Debug|Any CPU.ActiveCfg = Debug|Any CPU
		{927177C4-7F3F-494F-92C6-1A22074B8399}.Debug|Any CPU.Build.0 = Debug|Any CPU
		{927177C4-7F3F-494F-92C6-1A22074B8399}.Release|Any CPU.ActiveCfg = Release|Any CPU
		{927177C4-7F3F-494F-92C6-1A22074B8399}.Release|Any CPU.Build.0 = Release|Any CPU
		{82569A38-5C5F-42FF-B9BB-20415B337B92}.Debug|Any CPU.ActiveCfg = Debug|Any CPU
		{82569A38-5C5F-42FF-B9BB-20415B337B92}.Debug|Any CPU.Build.0 = Debug|Any CPU
		{82569A38-5C5F-42FF-B9BB-20415B337B92}.Release|Any CPU.ActiveCfg = Release|Any CPU
		{82569A38-5C5F-42FF-B9BB-20415B337B92}.Release|Any CPU.Build.0 = Release|Any CPU
		{04F227CD-A8E8-42EA-96D9-17B6388C3358}.Debug|Any CPU.ActiveCfg = Debug|Any CPU
		{04F227CD-A8E8-42EA-96D9-17B6388C3358}.Debug|Any CPU.Build.0 = Debug|Any CPU
		{04F227CD-A8E8-42EA-96D9-17B6388C3358}.Release|Any CPU.ActiveCfg = Release|Any CPU
		{04F227CD-A8E8-42EA-96D9-17B6388C3358}.Release|Any CPU.Build.0 = Release|Any CPU
		{03B4D519-D838-4010-BCD9-BB292448E114}.Debug|Any CPU.ActiveCfg = Debug|Any CPU
		{03B4D519-D838-4010-BCD9-BB292448E114}.Debug|Any CPU.Build.0 = Debug|Any CPU
		{03B4D519-D838-4010-BCD9-BB292448E114}.Release|Any CPU.ActiveCfg = Release|Any CPU
		{03B4D519-D838-4010-BCD9-BB292448E114}.Release|Any CPU.Build.0 = Release|Any CPU
		{23C32C91-3311-4E5B-AAB2-57E02A35353D}.Debug|Any CPU.ActiveCfg = Debug|Any CPU
		{23C32C91-3311-4E5B-AAB2-57E02A35353D}.Debug|Any CPU.Build.0 = Debug|Any CPU
		{23C32C91-3311-4E5B-AAB2-57E02A35353D}.Release|Any CPU.ActiveCfg = Release|Any CPU
		{23C32C91-3311-4E5B-AAB2-57E02A35353D}.Release|Any CPU.Build.0 = Release|Any CPU
	EndGlobalSection
	GlobalSection(SolutionProperties) = preSolution
		HideSolutionNode = FALSE
	EndGlobalSection
	GlobalSection(ExtensibilityGlobals) = postSolution
		SolutionGuid = {98E1ADF8-88DF-4B1F-B486-650F4F9CC573}
	EndGlobalSection
EndGlobal
